
Microsoft Visual Studio Solution File, Format Version 12.00
# Visual Studio 14
VisualStudioVersion = 14.0.25420.1
MinimumVisualStudioVersion = 10.0.40219.1
Project("{FAE04EC0-301F-11D3-BF4B-00C04F79EFBC}") = "ConDuplicateCount", "ConDuplicateCount\ConDuplicateCount.csproj", "{04E8DBE5-E1F1-4FFA-A7FF-98D14C382B75}"
EndProject
Global
	GlobalSection(SolutionConfigurationPlatforms) = preSolution
		Debug|Any CPU = Debug|Any CPU
		Release|Any CPU = Release|Any CPU
	EndGlobalSection
	GlobalSection(ProjectConfigurationPlatforms) = postSolution
		{04E8DBE5-E1F1-4FFA-A7FF-98D14C382B75}.Debug|Any CPU.ActiveCfg = Debug|Any CPU
		{04E8DBE5-E1F1-4FFA-A7FF-98D14C382B75}.Debug|Any CPU.Build.0 = Debug|Any CPU
		{04E8DBE5-E1F1-4FFA-A7FF-98D14C382B75}.Release|Any CPU.ActiveCfg = Release|Any CPU
		{04E8DBE5-E1F1-4FFA-A7FF-98D14C382B75}.Release|Any CPU.Build.0 = Release|Any CPU
	EndGlobalSection
	GlobalSection(SolutionProperties) = preSolution
		HideSolutionNode = FALSE
	EndGlobalSection
EndGlobal
